
Microsoft Visual Studio Solution File, Format Version 12.00
# Visual Studio Version 17
VisualStudioVersion = 17.5.33516.290
MinimumVisualStudioVersion = 10.0.40219.1
Project("{FAE04EC0-301F-11D3-BF4B-00C04F79EFBC}") = "DATA", "DATA\DATA.csproj", "{98623CF4-4990-4F08-AD11-0AA631571A88}"
EndProject
Project("{FAE04EC0-301F-11D3-BF4B-00C04F79EFBC}") = "DAL", "DAL\DAL.csproj", "{556B7EB5-7305-4F2C-9FB0-E20D62FFF914}"
EndProject
Project("{FAE04EC0-301F-11D3-BF4B-00C04F79EFBC}") = "UI", "UI\UI.csproj", "{4648EF7C-AA2C-4CD9-AAC2-C0105AB237CF}"
EndProject
Global
	GlobalSection(SolutionConfigurationPlatforms) = preSolution
		Debug|Any CPU = Debug|Any CPU
		Release|Any CPU = Release|Any CPU
	EndGlobalSection
	GlobalSection(ProjectConfigurationPlatforms) = postSolution
		{98623CF4-4990-4F08-AD11-0AA631571A88}.Debug|Any CPU.ActiveCfg = Debug|Any CPU
		{98623CF4-4990-4F08-AD11-0AA631571A88}.Debug|Any CPU.Build.0 = Debug|Any CPU
		{98623CF4-4990-4F08-AD11-0AA631571A88}.Release|Any CPU.ActiveCfg = Release|Any CPU
		{98623CF4-4990-4F08-AD11-0AA631571A88}.Release|Any CPU.Build.0 = Release|Any CPU
		{556B7EB5-7305-4F2C-9FB0-E20D62FFF914}.Debug|Any CPU.ActiveCfg = Debug|Any CPU
		{556B7EB5-7305-4F2C-9FB0-E20D62FFF914}.Debug|Any CPU.Build.0 = Debug|Any CPU
		{556B7EB5-7305-4F2C-9FB0-E20D62FFF914}.Release|Any CPU.ActiveCfg = Release|Any CPU
		{556B7EB5-7305-4F2C-9FB0-E20D62FFF914}.Release|Any CPU.Build.0 = Release|Any CPU
		{4648EF7C-AA2C-4CD9-AAC2-C0105AB237CF}.Debug|Any CPU.ActiveCfg = Debug|Any CPU
		{4648EF7C-AA2C-4CD9-AAC2-C0105AB237CF}.Debug|Any CPU.Build.0 = Debug|Any CPU
		{4648EF7C-AA2C-4CD9-AAC2-C0105AB237CF}.Release|Any CPU.ActiveCfg = Release|Any CPU
		{4648EF7C-AA2C-4CD9-AAC2-C0105AB237CF}.Release|Any CPU.Build.0 = Release|Any CPU
	EndGlobalSection
	GlobalSection(SolutionProperties) = preSolution
		HideSolutionNode = FALSE
	EndGlobalSection
	GlobalSection(ExtensibilityGlobals) = postSolution
		SolutionGuid = {48BFB05C-ADEE-43D5-8ADD-18511D1A3F64}
	EndGlobalSection
EndGlobal
